
Microsoft Visual Studio Solution File, Format Version 12.00
# Visual Studio 15
VisualStudioVersion = 15.0.28307.1800
MinimumVisualStudioVersion = 10.0.40219.1
Project("{FAE04EC0-301F-11D3-BF4B-00C04F79EFBC}") = "GameMemoria", "GameMemoria\GameMemoria.csproj", "{A6F1A2C7-EE94-4403-8E37-2F6065FCD4CD}"
EndProject
Global
	GlobalSection(SolutionConfigurationPlatforms) = preSolution
		Debug|Any CPU = Debug|Any CPU
		Release|Any CPU = Release|Any CPU
	EndGlobalSection
	GlobalSection(ProjectConfigurationPlatforms) = postSolution
		{A6F1A2C7-EE94-4403-8E37-2F6065FCD4CD}.Debug|Any CPU.ActiveCfg = Debug|Any CPU
		{A6F1A2C7-EE94-4403-8E37-2F6065FCD4CD}.Debug|Any CPU.Build.0 = Debug|Any CPU
		{A6F1A2C7-EE94-4403-8E37-2F6065FCD4CD}.Release|Any CPU.ActiveCfg = Release|Any CPU
		{A6F1A2C7-EE94-4403-8E37-2F6065FCD4CD}.Release|Any CPU.Build.0 = Release|Any CPU
	EndGlobalSection
	GlobalSection(SolutionProperties) = preSolution
		HideSolutionNode = FALSE
	EndGlobalSection
	GlobalSection(ExtensibilityGlobals) = postSolution
		SolutionGuid = {2289F49B-31CA-45ED-AB20-CFD7E2983C37}
	EndGlobalSection
EndGlobal
